// !$*UTF8*$!
{
	archiveVersion = 1;
	classes = {
	};
	objectVersion = 56;
	objects = {

/* Begin PBXBuildFile section */
		1A1BE5FF2A5A2F2F00CAD5A6 /* DetailViewController.swift in Sources */ = {isa = PBXBuildFile; fileRef = 1A1BE5FE2A5A2F2F00CAD5A6 /* DetailViewController.swift */; };
		1A1BE6022A5A3E8400CAD5A6 /* MusicaTableViewCell.swift in Sources */ = {isa = PBXBuildFile; fileRef = 1A1BE6012A5A3E8400CAD5A6 /* MusicaTableViewCell.swift */; };
		1A1BE6052A5A3F5C00CAD5A6 /* Musica.swift in Sources */ = {isa = PBXBuildFile; fileRef = 1A1BE6042A5A3F5C00CAD5A6 /* Musica.swift */; };
		1A4677C92A54D9B000D241A5 /* AppDelegate.swift in Sources */ = {isa = PBXBuildFile; fileRef = 1A4677C82A54D9B000D241A5 /* AppDelegate.swift */; };
		1A4677CB2A54D9B000D241A5 /* SceneDelegate.swift in Sources */ = {isa = PBXBuildFile; fileRef = 1A4677CA2A54D9B000D241A5 /* SceneDelegate.swift */; };
		1A4677CD2A54D9B000D241A5 /* ListViewController.swift in Sources */ = {isa = PBXBuildFile; fileRef = 1A4677CC2A54D9B000D241A5 /* ListViewController.swift */; };
		1A4677D22A54D9B100D241A5 /* Assets.xcassets in Resources */ = {isa = PBXBuildFile; fileRef = 1A4677D12A54D9B100D241A5 /* Assets.xcassets */; };
		1A4677D52A54D9B100D241A5 /* LaunchScreen.storyboard in Resources */ = {isa = PBXBuildFile; fileRef = 1A4677D32A54D9B100D241A5 /* LaunchScreen.storyboard */; };
		1A5F56392A7F2A400094F836 /* SpotifyResponse.swift in Sources */ = {isa = PBXBuildFile; fileRef = 1A5F56382A7F2A400094F836 /* SpotifyResponse.swift */; };
		1A9214F12A902EC700121A98 /* GetTopTracks.swift in Sources */ = {isa = PBXBuildFile; fileRef = 1A9214F02A902EC700121A98 /* GetTopTracks.swift */; };
		1A96A1322A86B9B4003AA7CF /* SpotifyAuth.swift in Sources */ = {isa = PBXBuildFile; fileRef = 1A96A1312A86B9B4003AA7CF /* SpotifyAuth.swift */; };
		1A96A1342A86BA74003AA7CF /* PersistenceLocal.swift in Sources */ = {isa = PBXBuildFile; fileRef = 1A96A1332A86BA74003AA7CF /* PersistenceLocal.swift */; };
		1A96A1372A86BCA7003AA7CF /* ListFavViewController.swift in Sources */ = {isa = PBXBuildFile; fileRef = 1A96A1362A86BCA7003AA7CF /* ListFavViewController.swift */; };
		1A96A1392A86BCEC003AA7CF /* MusicaTableFavViewCell.swift in Sources */ = {isa = PBXBuildFile; fileRef = 1A96A1382A86BCEC003AA7CF /* MusicaTableFavViewCell.swift */; };
/* End PBXBuildFile section */

/* Begin PBXFileReference section */
		1A1BE5FE2A5A2F2F00CAD5A6 /* DetailViewController.swift */ = {isa = PBXFileReference; lastKnownFileType = sourcecode.swift; path = DetailViewController.swift; sourceTree = "<group>"; };
		1A1BE6012A5A3E8400CAD5A6 /* MusicaTableViewCell.swift */ = {isa = PBXFileReference; lastKnownFileType = sourcecode.swift; path = MusicaTableViewCell.swift; sourceTree = "<group>"; };
		1A1BE6042A5A3F5C00CAD5A6 /* Musica.swift */ = {isa = PBXFileReference; lastKnownFileType = sourcecode.swift; path = Musica.swift; sourceTree = "<group>"; };
		1A4677C52A54D9B000D241A5 /* spotifyiOS.app */ = {isa = PBXFileReference; explicitFileType = wrapper.application; includeInIndex = 0; path = spotifyiOS.app; sourceTree = BUILT_PRODUCTS_DIR; };
		1A4677C82A54D9B000D241A5 /* AppDelegate.swift */ = {isa = PBXFileReference; lastKnownFileType = sourcecode.swift; path = AppDelegate.swift; sourceTree = "<group>"; };
		1A4677CA2A54D9B000D241A5 /* SceneDelegate.swift */ = {isa = PBXFileReference; lastKnownFileType = sourcecode.swift; path = SceneDelegate.swift; sourceTree = "<group>"; };
		1A4677CC2A54D9B000D241A5 /* ListViewController.swift */ = {isa = PBXFileReference; lastKnownFileType = sourcecode.swift; path = ListViewController.swift; sourceTree = "<group>"; };
		1A4677D12A54D9B100D241A5 /* Assets.xcassets */ = {isa = PBXFileReference; lastKnownFileType = folder.assetcatalog; path = Assets.xcassets; sourceTree = "<group>"; };
		1A4677D42A54D9B100D241A5 /* Base */ = {isa = PBXFileReference; lastKnownFileType = file.storyboard; name = Base; path = Base.lproj/LaunchScreen.storyboard; sourceTree = "<group>"; };
		1A4677D62A54D9B100D241A5 /* Info.plist */ = {isa = PBXFileReference; lastKnownFileType = text.plist.xml; path = Info.plist; sourceTree = "<group>"; };
		1A5F56382A7F2A400094F836 /* SpotifyResponse.swift */ = {isa = PBXFileReference; lastKnownFileType = sourcecode.swift; path = SpotifyResponse.swift; sourceTree = "<group>"; };
		1A9214F02A902EC700121A98 /* GetTopTracks.swift */ = {isa = PBXFileReference; lastKnownFileType = sourcecode.swift; path = GetTopTracks.swift; sourceTree = "<group>"; };
		1A96A1312A86B9B4003AA7CF /* SpotifyAuth.swift */ = {isa = PBXFileReference; lastKnownFileType = sourcecode.swift; path = SpotifyAuth.swift; sourceTree = "<group>"; };
		1A96A1332A86BA74003AA7CF /* PersistenceLocal.swift */ = {isa = PBXFileReference; lastKnownFileType = sourcecode.swift; path = PersistenceLocal.swift; sourceTree = "<group>"; };
		1A96A1362A86BCA7003AA7CF /* ListFavViewController.swift */ = {isa = PBXFileReference; lastKnownFileType = sourcecode.swift; path = ListFavViewController.swift; sourceTree = "<group>"; };
		1A96A1382A86BCEC003AA7CF /* MusicaTableFavViewCell.swift */ = {isa = PBXFileReference; lastKnownFileType = sourcecode.swift; path = MusicaTableFavViewCell.swift; sourceTree = "<group>"; };
/* End PBXFileReference section */

/* Begin PBXFrameworksBuildPhase section */
		1A4677C22A54D9B000D241A5 /* Frameworks */ = {
			isa = PBXFrameworksBuildPhase;
			buildActionMask = 2147483647;
			files = (
			);
			runOnlyForDeploymentPostprocessing = 0;
		};
/* End PBXFrameworksBuildPhase section */

/* Begin PBXGroup section */
		1A1340DE2A79D46D003A2443 /* List */ = {
			isa = PBXGroup;
			children = (
				1A4677CC2A54D9B000D241A5 /* ListViewController.swift */,
				1A1BE6012A5A3E8400CAD5A6 /* MusicaTableViewCell.swift */,
			);
			path = List;
			sourceTree = "<group>";
		};
		1A1340DF2A79D47C003A2443 /* Detail */ = {
			isa = PBXGroup;
			children = (
				1A1BE5FE2A5A2F2F00CAD5A6 /* DetailViewController.swift */,
			);
			path = Detail;
			sourceTree = "<group>";
		};
		1A1BE6032A5A3F3900CAD5A6 /* Model */ = {
			isa = PBXGroup;
			children = (
				1A1BE6042A5A3F5C00CAD5A6 /* Musica.swift */,
				1A5F56382A7F2A400094F836 /* SpotifyResponse.swift */,
			);
			path = Model;
			sourceTree = "<group>";
		};
		1A4677BC2A54D9B000D241A5 = {
			isa = PBXGroup;
			children = (
				1A4677C72A54D9B000D241A5 /* spotifyiOS */,
				1A4677C62A54D9B000D241A5 /* Products */,
			);
			sourceTree = "<group>";
		};
		1A4677C62A54D9B000D241A5 /* Products */ = {
			isa = PBXGroup;
			children = (
				1A4677C52A54D9B000D241A5 /* spotifyiOS.app */,
			);
			name = Products;
			sourceTree = "<group>";
		};
		1A4677C72A54D9B000D241A5 /* spotifyiOS */ = {
			isa = PBXGroup;
			children = (
				1A96A1302A86B968003AA7CF /* Utils */,
				1AF549022A7F02A70099EA3A /* Views */,
				1A1BE6032A5A3F3900CAD5A6 /* Model */,
				1A4677C82A54D9B000D241A5 /* AppDelegate.swift */,
				1A4677CA2A54D9B000D241A5 /* SceneDelegate.swift */,
				1A4677D12A54D9B100D241A5 /* Assets.xcassets */,
				1A4677D32A54D9B100D241A5 /* LaunchScreen.storyboard */,
				1A4677D62A54D9B100D241A5 /* Info.plist */,
			);
			path = spotifyiOS;
			sourceTree = "<group>";
		};
		1A9214ED2A902E2100121A98 /* SpotifyManager */ = {
			isa = PBXGroup;
			children = (
				1A9214F02A902EC700121A98 /* GetTopTracks.swift */,
			);
			path = SpotifyManager;
			sourceTree = "<group>";
		};
		1A96A1302A86B968003AA7CF /* Utils */ = {
			isa = PBXGroup;
			children = (
				1A9214ED2A902E2100121A98 /* SpotifyManager */,
				1A96A1312A86B9B4003AA7CF /* SpotifyAuth.swift */,
				1A96A1332A86BA74003AA7CF /* PersistenceLocal.swift */,
			);
			path = Utils;
			sourceTree = "<group>";
		};
		1A96A1352A86BC8E003AA7CF /* ListFav */ = {
			isa = PBXGroup;
			children = (
				1A96A1362A86BCA7003AA7CF /* ListFavViewController.swift */,
				1A96A1382A86BCEC003AA7CF /* MusicaTableFavViewCell.swift */,
			);
			path = ListFav;
			sourceTree = "<group>";
		};
		1AF549022A7F02A70099EA3A /* Views */ = {
			isa = PBXGroup;
			children = (
				1A96A1352A86BC8E003AA7CF /* ListFav */,
				1A1340DF2A79D47C003A2443 /* Detail */,
				1A1340DE2A79D46D003A2443 /* List */,
			);
			path = Views;
			sourceTree = "<group>";
		};
/* End PBXGroup section */

/* Begin PBXNativeTarget section */
		1A4677C42A54D9B000D241A5 /* spotifyiOS */ = {
			isa = PBXNativeTarget;
			buildConfigurationList = 1A4677D92A54D9B100D241A5 /* Build configuration list for PBXNativeTarget "spotifyiOS" */;
			buildPhases = (
				1A4677C12A54D9B000D241A5 /* Sources */,
				1A4677C22A54D9B000D241A5 /* Frameworks */,
				1A4677C32A54D9B000D241A5 /* Resources */,
			);
			buildRules = (
			);
			dependencies = (
			);
			name = spotifyiOS;
			productName = spotifyiOS;
			productReference = 1A4677C52A54D9B000D241A5 /* spotifyiOS.app */;
			productType = "com.apple.product-type.application";
		};
/* End PBXNativeTarget section */

/* Begin PBXProject section */
		1A4677BD2A54D9B000D241A5 /* Project object */ = {
			isa = PBXProject;
			attributes = {
				BuildIndependentTargetsInParallel = 1;
				LastSwiftUpdateCheck = 1430;
				LastUpgradeCheck = 1500;
				TargetAttributes = {
					1A4677C42A54D9B000D241A5 = {
						CreatedOnToolsVersion = 14.3.1;
					};
				};
			};
			buildConfigurationList = 1A4677C02A54D9B000D241A5 /* Build configuration list for PBXProject "spotifyiOS" */;
			compatibilityVersion = "Xcode 14.0";
			developmentRegion = en;
			hasScannedForEncodings = 0;
			knownRegions = (
				en,
				Base,
			);
			mainGroup = 1A4677BC2A54D9B000D241A5;
			productRefGroup = 1A4677C62A54D9B000D241A5 /* Products */;
			projectDirPath = "";
			projectRoot = "";
			targets = (
				1A4677C42A54D9B000D241A5 /* spotifyiOS */,
			);
		};
/* End PBXProject section */

/* Begin PBXResourcesBuildPhase section */
		1A4677C32A54D9B000D241A5 /* Resources */ = {
			isa = PBXResourcesBuildPhase;
			buildActionMask = 2147483647;
			files = (
				1A4677D52A54D9B100D241A5 /* LaunchScreen.storyboard in Resources */,
				1A4677D22A54D9B100D241A5 /* Assets.xcassets in Resources */,
			);
			runOnlyForDeploymentPostprocessing = 0;
		};
/* End PBXResourcesBuildPhase section */

/* Begin PBXSourcesBuildPhase section */
		1A4677C12A54D9B000D241A5 /* Sources */ = {
			isa = PBXSourcesBuildPhase;
			buildActionMask = 2147483647;
			files = (
				1A96A1322A86B9B4003AA7CF /* SpotifyAuth.swift in Sources */,
				1A96A1372A86BCA7003AA7CF /* ListFavViewController.swift in Sources */,
				1A4677CD2A54D9B000D241A5 /* ListViewController.swift in Sources */,
				1A4677C92A54D9B000D241A5 /* AppDelegate.swift in Sources */,
				1A96A1392A86BCEC003AA7CF /* MusicaTableFavViewCell.swift in Sources */,
				1A9214F12A902EC700121A98 /* GetTopTracks.swift in Sources */,
				1A4677CB2A54D9B000D241A5 /* SceneDelegate.swift in Sources */,
				1A96A1342A86BA74003AA7CF /* PersistenceLocal.swift in Sources */,
				1A1BE6022A5A3E8400CAD5A6 /* MusicaTableViewCell.swift in Sources */,
				1A5F56392A7F2A400094F836 /* SpotifyResponse.swift in Sources */,
				1A1BE5FF2A5A2F2F00CAD5A6 /* DetailViewController.swift in Sources */,
				1A1BE6052A5A3F5C00CAD5A6 /* Musica.swift in Sources */,
			);
			runOnlyForDeploymentPostprocessing = 0;
		};
/* End PBXSourcesBuildPhase section */

/* Begin PBXVariantGroup section */
		1A4677D32A54D9B100D241A5 /* LaunchScreen.storyboard */ = {
			isa = PBXVariantGroup;
			children = (
				1A4677D42A54D9B100D241A5 /* Base */,
			);
			name = LaunchScreen.storyboard;
			sourceTree = "<group>";
		};
/* End PBXVariantGroup section */

/* Begin XCBuildConfiguration section */
		1A4677D72A54D9B100D241A5 /* Debug */ = {
			isa = XCBuildConfiguration;
			buildSettings = {
				ALWAYS_SEARCH_USER_PATHS = NO;
				ASSETCATALOG_COMPILER_GENERATE_SWIFT_ASSET_SYMBOL_EXTENSIONS = YES;
				CLANG_ANALYZER_NONNULL = YES;
				CLANG_ANALYZER_NUMBER_OBJECT_CONVERSION = YES_AGGRESSIVE;
				CLANG_CXX_LANGUAGE_STANDARD = "gnu++20";
				CLANG_ENABLE_MODULES = YES;
				CLANG_ENABLE_OBJC_ARC = YES;
				CLANG_ENABLE_OBJC_WEAK = YES;
				CLANG_WARN_BLOCK_CAPTURE_AUTORELEASING = YES;
				CLANG_WARN_BOOL_CONVERSION = YES;
				CLANG_WARN_COMMA = YES;
				CLANG_WARN_CONSTANT_CONVERSION = YES;
				CLANG_WARN_DEPRECATED_OBJC_IMPLEMENTATIONS = YES;
				CLANG_WARN_DIRECT_OBJC_ISA_USAGE = YES_ERROR;
				CLANG_WARN_DOCUMENTATION_COMMENTS = YES;
				CLANG_WARN_EMPTY_BODY = YES;
				CLANG_WARN_ENUM_CONVERSION = YES;
				CLANG_WARN_INFINITE_RECURSION = YES;
				CLANG_WARN_INT_CONVERSION = YES;
				CLANG_WARN_NON_LITERAL_NULL_CONVERSION = YES;
				CLANG_WARN_OBJC_IMPLICIT_RETAIN_SELF = YES;
				CLANG_WARN_OBJC_LITERAL_CONVERSION = YES;
				CLANG_WARN_OBJC_ROOT_CLASS = YES_ERROR;
				CLANG_WARN_QUOTED_INCLUDE_IN_FRAMEWORK_HEADER = YES;
				CLANG_WARN_RANGE_LOOP_ANALYSIS = YES;
				CLANG_WARN_STRICT_PROTOTYPES = YES;
				CLANG_WARN_SUSPICIOUS_MOVE = YES;
				CLANG_WARN_UNGUARDED_AVAILABILITY = YES_AGGRESSIVE;
				CLANG_WARN_UNREACHABLE_CODE = YES;
				CLANG_WARN__DUPLICATE_METHOD_MATCH = YES;
				COPY_PHASE_STRIP = NO;
				DEBUG_INFORMATION_FORMAT = dwarf;
				ENABLE_STRICT_OBJC_MSGSEND = YES;
				ENABLE_TESTABILITY = YES;
				ENABLE_USER_SCRIPT_SANDBOXING = YES;
				GCC_C_LANGUAGE_STANDARD = gnu11;
				GCC_DYNAMIC_NO_PIC = NO;
				GCC_NO_COMMON_BLOCKS = YES;
				GCC_OPTIMIZATION_LEVEL = 0;
				GCC_PREPROCESSOR_DEFINITIONS = (
					"DEBUG=1",
					"$(inherited)",
				);
				GCC_WARN_64_TO_32_BIT_CONVERSION = YES;
				GCC_WARN_ABOUT_RETURN_TYPE = YES_ERROR;
				GCC_WARN_UNDECLARED_SELECTOR = YES;
				GCC_WARN_UNINITIALIZED_AUTOS = YES_AGGRESSIVE;
				GCC_WARN_UNUSED_FUNCTION = YES;
				GCC_WARN_UNUSED_VARIABLE = YES;
				IPHONEOS_DEPLOYMENT_TARGET = 16.4;
				MTL_ENABLE_DEBUG_INFO = INCLUDE_SOURCE;
				MTL_FAST_MATH = YES;
				ONLY_ACTIVE_ARCH = YES;
				SDKROOT = iphoneos;
				SWIFT_ACTIVE_COMPILATION_CONDITIONS = DEBUG;
				SWIFT_OPTIMIZATION_LEVEL = "-Onone";
			};
			name = Debug;
		};
		1A4677D82A54D9B100D241A5 /* Release */ = {
			isa = XCBuildConfiguration;
			buildSettings = {
				ALWAYS_SEARCH_USER_PATHS = NO;
				ASSETCATALOG_COMPILER_GENERATE_SWIFT_ASSET_SYMBOL_EXTENSIONS = YES;
				CLANG_ANALYZER_NONNULL = YES;
				CLANG_ANALYZER_NUMBER_OBJECT_CONVERSION = YES_AGGRESSIVE;
				CLANG_CXX_LANGUAGE_STANDARD = "gnu++20";
				CLANG_ENABLE_MODULES = YES;
				CLANG_ENABLE_OBJC_ARC = YES;
				CLANG_ENABLE_OBJC_WEAK = YES;
				CLANG_WARN_BLOCK_CAPTURE_AUTORELEASING = YES;
				CLANG_WARN_BOOL_CONVERSION = YES;
				CLANG_WARN_COMMA = YES;
				CLANG_WARN_CONSTANT_CONVERSION = YES;
				CLANG_WARN_DEPRECATED_OBJC_IMPLEMENTATIONS = YES;
				CLANG_WARN_DIRECT_OBJC_ISA_USAGE = YES_ERROR;
				CLANG_WARN_DOCUMENTATION_COMMENTS = YES;
				CLANG_WARN_EMPTY_BODY = YES;
				CLANG_WARN_ENUM_CONVERSION = YES;
				CLANG_WARN_INFINITE_RECURSION = YES;
				CLANG_WARN_INT_CONVERSION = YES;
				CLANG_WARN_NON_LITERAL_NULL_CONVERSION = YES;
				CLANG_WARN_OBJC_IMPLICIT_RETAIN_SELF = YES;
				CLANG_WARN_OBJC_LITERAL_CONVERSION = YES;
				CLANG_WARN_OBJC_ROOT_CLASS = YES_ERROR;
				CLANG_WARN_QUOTED_INCLUDE_IN_FRAMEWORK_HEADER = YES;
				CLANG_WARN_RANGE_LOOP_ANALYSIS = YES;
				CLANG_WARN_STRICT_PROTOTYPES = YES;
				CLANG_WARN_SUSPICIOUS_MOVE = YES;
				CLANG_WARN_UNGUARDED_AVAILABILITY = YES_AGGRESSIVE;
				CLANG_WARN_UNREACHABLE_CODE = YES;
				CLANG_WARN__DUPLICATE_METHOD_MATCH = YES;
				COPY_PHASE_STRIP = NO;
				DEBUG_INFORMATION_FORMAT = "dwarf-with-dsym";
				ENABLE_NS_ASSERTIONS = NO;
				ENABLE_STRICT_OBJC_MSGSEND = YES;
				ENABLE_USER_SCRIPT_SANDBOXING = YES;
				GCC_C_LANGUAGE_STANDARD = gnu11;
				GCC_NO_COMMON_BLOCKS = YES;
				GCC_WARN_64_TO_32_BIT_CONVERSION = YES;
				GCC_WARN_ABOUT_RETURN_TYPE = YES_ERROR;
				GCC_WARN_UNDECLARED_SELECTOR = YES;
				GCC_WARN_UNINITIALIZED_AUTOS = YES_AGGRESSIVE;
				GCC_WARN_UNUSED_FUNCTION = YES;
				GCC_WARN_UNUSED_VARIABLE = YES;
				IPHONEOS_DEPLOYMENT_TARGET = 16.4;
				MTL_ENABLE_DEBUG_INFO = NO;
				MTL_FAST_MATH = YES;
				SDKROOT = iphoneos;
				SWIFT_COMPILATION_MODE = wholemodule;
				SWIFT_OPTIMIZATION_LEVEL = "-O";
				VALIDATE_PRODUCT = YES;
			};
			name = Release;
		};
		1A4677DA2A54D9B100D241A5 /* Debug */ = {
			isa = XCBuildConfiguration;
			buildSettings = {
				ASSETCATALOG_COMPILER_APPICON_NAME = AppIcon;
				ASSETCATALOG_COMPILER_GLOBAL_ACCENT_COLOR_NAME = AccentColor;
				ASSETCATALOG_COMPILER_INCLUDE_ALL_APPICON_ASSETS = YES;
				CODE_SIGN_STYLE = Automatic;
				CURRENT_PROJECT_VERSION = 1;
				DEVELOPMENT_TEAM = H7MMXQ3XR8;
				GENERATE_INFOPLIST_FILE = YES;
				INFOPLIST_FILE = spotifyiOS/Info.plist;
				INFOPLIST_KEY_CFBundleDisplayName = "Top Musics";
				INFOPLIST_KEY_LSApplicationCategoryType = "public.app-category.entertainment";
				INFOPLIST_KEY_UIApplicationSupportsIndirectInputEvents = YES;
				INFOPLIST_KEY_UILaunchStoryboardName = LaunchScreen.storyboard;
				INFOPLIST_KEY_UISupportedInterfaceOrientations_iPad = "UIInterfaceOrientationPortrait UIInterfaceOrientationPortraitUpsideDown UIInterfaceOrientationLandscapeLeft UIInterfaceOrientationLandscapeRight";
				INFOPLIST_KEY_UISupportedInterfaceOrientations_iPhone = "UIInterfaceOrientationPortrait UIInterfaceOrientationLandscapeLeft UIInterfaceOrientationLandscapeRight";
				LD_RUNPATH_SEARCH_PATHS = (
					"$(inherited)",
					"@executable_path/Frameworks",
				);
				MARKETING_VERSION = 1.0;
				PRODUCT_BUNDLE_IDENTIFIER = swiftrun.spotifyiOS;
				PRODUCT_NAME = "$(TARGET_NAME)";
				SWIFT_EMIT_LOC_STRINGS = YES;
				SWIFT_VERSION = 5.0;
				TARGETED_DEVICE_FAMILY = "1,2";
			};
			name = Debug;
		};
		1A4677DB2A54D9B100D241A5 /* Release */ = {
			isa = XCBuildConfiguration;
			buildSettings = {
				ASSETCATALOG_COMPILER_APPICON_NAME = AppIcon;
				ASSETCATALOG_COMPILER_GLOBAL_ACCENT_COLOR_NAME = AccentColor;
				ASSETCATALOG_COMPILER_INCLUDE_ALL_APPICON_ASSETS = YES;
				CODE_SIGN_STYLE = Automatic;
				CURRENT_PROJECT_VERSION = 1;
				DEVELOPMENT_TEAM = H7MMXQ3XR8;
				GENERATE_INFOPLIST_FILE = YES;
				INFOPLIST_FILE = spotifyiOS/Info.plist;
				INFOPLIST_KEY_CFBundleDisplayName = "Top Musics";
				INFOPLIST_KEY_LSApplicationCategoryType = "public.app-category.entertainment";
				INFOPLIST_KEY_UIApplicationSupportsIndirectInputEvents = YES;
				INFOPLIST_KEY_UILaunchStoryboardName = LaunchScreen.storyboard;
				INFOPLIST_KEY_UISupportedInterfaceOrientations_iPad = "UIInterfaceOrientationPortrait UIInterfaceOrientationPortraitUpsideDown UIInterfaceOrientationLandscapeLeft UIInterfaceOrientationLandscapeRight";
				INFOPLIST_KEY_UISupportedInterfaceOrientations_iPhone = "UIInterfaceOrientationPortrait UIInterfaceOrientationLandscapeLeft UIInterfaceOrientationLandscapeRight";
				LD_RUNPATH_SEARCH_PATHS = (
					"$(inherited)",
					"@executable_path/Frameworks",
				);
				MARKETING_VERSION = 1.0;
				PRODUCT_BUNDLE_IDENTIFIER = swiftrun.spotifyiOS;
				PRODUCT_NAME = "$(TARGET_NAME)";
				SWIFT_EMIT_LOC_STRINGS = YES;
				SWIFT_VERSION = 5.0;
				TARGETED_DEVICE_FAMILY = "1,2";
			};
			name = Release;
		};
/* End XCBuildConfiguration section */

/* Begin XCConfigurationList section */
		1A4677C02A54D9B000D241A5 /* Build configuration list for PBXProject "spotifyiOS" */ = {
			isa = XCConfigurationList;
			buildConfigurations = (
				1A4677D72A54D9B100D241A5 /* Debug */,
				1A4677D82A54D9B100D241A5 /* Release */,
			);
			defaultConfigurationIsVisible = 0;
			defaultConfigurationName = Release;
		};
		1A4677D92A54D9B100D241A5 /* Build configuration list for PBXNativeTarget "spotifyiOS" */ = {
			isa = XCConfigurationList;
			buildConfigurations = (
				1A4677DA2A54D9B100D241A5 /* Debug */,
				1A4677DB2A54D9B100D241A5 /* Release */,
			);
			defaultConfigurationIsVisible = 0;
			defaultConfigurationName = Release;
		};
/* End XCConfigurationList section */
	};
	rootObject = 1A4677BD2A54D9B000D241A5 /* Project object */;
}
